
Microsoft Visual Studio Solution File, Format Version 12.00
# Visual Studio Version 17
VisualStudioVersion = 17.14.36603.0
MinimumVisualStudioVersion = 10.0.40219.1
Project("{FAE04EC0-301F-11D3-BF4B-00C04F79EFBC}") = "vfv", "vfv\vfv.csproj", "{9DD0D7CB-4BF5-4BE6-875F-B07CF2614238}"
EndProject
Project("{2150E333-8FDC-42A3-9474-1A3956D46DE8}") = "vfv.Tests", "vfv.Tests", "{02EA681E-C7D8-13C7-8484-4AC65E1B71E8}"
EndProject
Project("{FAE04EC0-301F-11D3-BF4B-00C04F79EFBC}") = "vfv.GUIntegrationTests", "vfv.Tests\vfv.GUIntegrationTests\vfv.GUIntegrationTests.csproj", "{9416D2CC-E745-FE81-1579-B03A80EF9D47}"
EndProject
Project("{FAE04EC0-301F-11D3-BF4B-00C04F79EFBC}") = "vfv.Services", "vfv.Services\vfv.Services.csproj", "{2B68FABC-8522-4D55-B59C-18F0C53704AA}"
EndProject
Project("{FAE04EC0-301F-11D3-BF4B-00C04F79EFBC}") = "vfv.UnitTests", "vfv.Tests\vfv.UnitTests\vfv.UnitTests.csproj", "{F7D9152B-0A1D-C8DB-6F51-9F6B930E2612}"
EndProject
Global
	GlobalSection(SolutionConfigurationPlatforms) = preSolution
		Debug|Any CPU = Debug|Any CPU
		Debug|x64 = Debug|x64
		Debug|x86 = Debug|x86
		Deploy|Any CPU = Deploy|Any CPU
		Deploy|x64 = Deploy|x64
		Deploy|x86 = Deploy|x86
		Release|Any CPU = Release|Any CPU
		Release|x64 = Release|x64
		Release|x86 = Release|x86
	EndGlobalSection
	GlobalSection(ProjectConfigurationPlatforms) = postSolution
		{9DD0D7CB-4BF5-4BE6-875F-B07CF2614238}.Debug|Any CPU.ActiveCfg = Debug|Any CPU
		{9DD0D7CB-4BF5-4BE6-875F-B07CF2614238}.Debug|Any CPU.Build.0 = Debug|Any CPU
		{9DD0D7CB-4BF5-4BE6-875F-B07CF2614238}.Debug|Any CPU.Deploy.0 = Debug|Any CPU
		{9DD0D7CB-4BF5-4BE6-875F-B07CF2614238}.Debug|x64.ActiveCfg = Debug|Any CPU
		{9DD0D7CB-4BF5-4BE6-875F-B07CF2614238}.Debug|x64.Build.0 = Debug|Any CPU
		{9DD0D7CB-4BF5-4BE6-875F-B07CF2614238}.Debug|x86.ActiveCfg = Debug|Any CPU
		{9DD0D7CB-4BF5-4BE6-875F-B07CF2614238}.Debug|x86.Build.0 = Debug|Any CPU
		{9DD0D7CB-4BF5-4BE6-875F-B07CF2614238}.Deploy|Any CPU.ActiveCfg = Deploy|Any CPU
		{9DD0D7CB-4BF5-4BE6-875F-B07CF2614238}.Deploy|Any CPU.Build.0 = Deploy|Any CPU
		{9DD0D7CB-4BF5-4BE6-875F-B07CF2614238}.Deploy|Any CPU.Deploy.0 = Deploy|Any CPU
		{9DD0D7CB-4BF5-4BE6-875F-B07CF2614238}.Deploy|x64.ActiveCfg = Deploy|Any CPU
		{9DD0D7CB-4BF5-4BE6-875F-B07CF2614238}.Deploy|x64.Build.0 = Deploy|Any CPU
		{9DD0D7CB-4BF5-4BE6-875F-B07CF2614238}.Deploy|x86.ActiveCfg = Deploy|Any CPU
		{9DD0D7CB-4BF5-4BE6-875F-B07CF2614238}.Deploy|x86.Build.0 = Deploy|Any CPU
		{9DD0D7CB-4BF5-4BE6-875F-B07CF2614238}.Release|Any CPU.ActiveCfg = Release|Any CPU
		{9DD0D7CB-4BF5-4BE6-875F-B07CF2614238}.Release|Any CPU.Build.0 = Release|Any CPU
		{9DD0D7CB-4BF5-4BE6-875F-B07CF2614238}.Release|Any CPU.Deploy.0 = Release|Any CPU
		{9DD0D7CB-4BF5-4BE6-875F-B07CF2614238}.Release|x64.ActiveCfg = Release|Any CPU
		{9DD0D7CB-4BF5-4BE6-875F-B07CF2614238}.Release|x64.Build.0 = Release|Any CPU
		{9DD0D7CB-4BF5-4BE6-875F-B07CF2614238}.Release|x86.ActiveCfg = Release|Any CPU
		{9DD0D7CB-4BF5-4BE6-875F-B07CF2614238}.Release|x86.Build.0 = Release|Any CPU
		{9416D2CC-E745-FE81-1579-B03A80EF9D47}.Debug|Any CPU.ActiveCfg = Debug|Any CPU
		{9416D2CC-E745-FE81-1579-B03A80EF9D47}.Debug|Any CPU.Build.0 = Debug|Any CPU
		{9416D2CC-E745-FE81-1579-B03A80EF9D47}.Debug|x64.ActiveCfg = Debug|Any CPU
		{9416D2CC-E745-FE81-1579-B03A80EF9D47}.Debug|x64.Build.0 = Debug|Any CPU
		{9416D2CC-E745-FE81-1579-B03A80EF9D47}.Debug|x86.ActiveCfg = Debug|Any CPU
		{9416D2CC-E745-FE81-1579-B03A80EF9D47}.Debug|x86.Build.0 = Debug|Any CPU
		{9416D2CC-E745-FE81-1579-B03A80EF9D47}.Deploy|Any CPU.ActiveCfg = Deploy|Any CPU
		{9416D2CC-E745-FE81-1579-B03A80EF9D47}.Deploy|Any CPU.Build.0 = Deploy|Any CPU
		{9416D2CC-E745-FE81-1579-B03A80EF9D47}.Deploy|x64.ActiveCfg = Release|Any CPU
		{9416D2CC-E745-FE81-1579-B03A80EF9D47}.Deploy|x64.Build.0 = Release|Any CPU
		{9416D2CC-E745-FE81-1579-B03A80EF9D47}.Deploy|x86.ActiveCfg = Release|Any CPU
		{9416D2CC-E745-FE81-1579-B03A80EF9D47}.Deploy|x86.Build.0 = Release|Any CPU
		{9416D2CC-E745-FE81-1579-B03A80EF9D47}.Release|Any CPU.ActiveCfg = Release|Any CPU
		{9416D2CC-E745-FE81-1579-B03A80EF9D47}.Release|Any CPU.Build.0 = Release|Any CPU
		{9416D2CC-E745-FE81-1579-B03A80EF9D47}.Release|x64.ActiveCfg = Release|Any CPU
		{9416D2CC-E745-FE81-1579-B03A80EF9D47}.Release|x64.Build.0 = Release|Any CPU
		{9416D2CC-E745-FE81-1579-B03A80EF9D47}.Release|x86.ActiveCfg = Release|Any CPU
		{9416D2CC-E745-FE81-1579-B03A80EF9D47}.Release|x86.Build.0 = Release|Any CPU
		{2B68FABC-8522-4D55-B59C-18F0C53704AA}.Debug|Any CPU.ActiveCfg = Debug|Any CPU
		{2B68FABC-8522-4D55-B59C-18F0C53704AA}.Debug|Any CPU.Build.0 = Debug|Any CPU
		{2B68FABC-8522-4D55-B59C-18F0C53704AA}.Debug|x64.ActiveCfg = Debug|Any CPU
		{2B68FABC-8522-4D55-B59C-18F0C53704AA}.Debug|x64.Build.0 = Debug|Any CPU
		{2B68FABC-8522-4D55-B59C-18F0C53704AA}.Debug|x86.ActiveCfg = Debug|Any CPU
		{2B68FABC-8522-4D55-B59C-18F0C53704AA}.Debug|x86.Build.0 = Debug|Any CPU
		{2B68FABC-8522-4D55-B59C-18F0C53704AA}.Deploy|Any CPU.ActiveCfg = Debug|Any CPU
		{2B68FABC-8522-4D55-B59C-18F0C53704AA}.Deploy|Any CPU.Build.0 = Debug|Any CPU
		{2B68FABC-8522-4D55-B59C-18F0C53704AA}.Deploy|x64.ActiveCfg = Debug|Any CPU
		{2B68FABC-8522-4D55-B59C-18F0C53704AA}.Deploy|x64.Build.0 = Debug|Any CPU
		{2B68FABC-8522-4D55-B59C-18F0C53704AA}.Deploy|x86.ActiveCfg = Debug|Any CPU
		{2B68FABC-8522-4D55-B59C-18F0C53704AA}.Deploy|x86.Build.0 = Debug|Any CPU
		{2B68FABC-8522-4D55-B59C-18F0C53704AA}.Release|Any CPU.ActiveCfg = Release|Any CPU
		{2B68FABC-8522-4D55-B59C-18F0C53704AA}.Release|Any CPU.Build.0 = Release|Any CPU
		{2B68FABC-8522-4D55-B59C-18F0C53704AA}.Release|x64.ActiveCfg = Release|Any CPU
		{2B68FABC-8522-4D55-B59C-18F0C53704AA}.Release|x64.Build.0 = Release|Any CPU
		{2B68FABC-8522-4D55-B59C-18F0C53704AA}.Release|x86.ActiveCfg = Release|Any CPU
		{2B68FABC-8522-4D55-B59C-18F0C53704AA}.Release|x86.Build.0 = Release|Any CPU
		{F7D9152B-0A1D-C8DB-6F51-9F6B930E2612}.Debug|Any CPU.ActiveCfg = Debug|Any CPU
		{F7D9152B-0A1D-C8DB-6F51-9F6B930E2612}.Debug|Any CPU.Build.0 = Debug|Any CPU
		{F7D9152B-0A1D-C8DB-6F51-9F6B930E2612}.Debug|x64.ActiveCfg = Debug|Any CPU
		{F7D9152B-0A1D-C8DB-6F51-9F6B930E2612}.Debug|x64.Build.0 = Debug|Any CPU
		{F7D9152B-0A1D-C8DB-6F51-9F6B930E2612}.Debug|x86.ActiveCfg = Debug|Any CPU
		{F7D9152B-0A1D-C8DB-6F51-9F6B930E2612}.Debug|x86.Build.0 = Debug|Any CPU
		{F7D9152B-0A1D-C8DB-6F51-9F6B930E2612}.Deploy|Any CPU.ActiveCfg = Deploy|Any CPU
		{F7D9152B-0A1D-C8DB-6F51-9F6B930E2612}.Deploy|Any CPU.Build.0 = Deploy|Any CPU
		{F7D9152B-0A1D-C8DB-6F51-9F6B930E2612}.Deploy|x64.ActiveCfg = Release|Any CPU
		{F7D9152B-0A1D-C8DB-6F51-9F6B930E2612}.Deploy|x64.Build.0 = Release|Any CPU
		{F7D9152B-0A1D-C8DB-6F51-9F6B930E2612}.Deploy|x86.ActiveCfg = Release|Any CPU
		{F7D9152B-0A1D-C8DB-6F51-9F6B930E2612}.Deploy|x86.Build.0 = Release|Any CPU
		{F7D9152B-0A1D-C8DB-6F51-9F6B930E2612}.Release|Any CPU.ActiveCfg = Release|Any CPU
		{F7D9152B-0A1D-C8DB-6F51-9F6B930E2612}.Release|Any CPU.Build.0 = Release|Any CPU
		{F7D9152B-0A1D-C8DB-6F51-9F6B930E2612}.Release|x64.ActiveCfg = Release|Any CPU
		{F7D9152B-0A1D-C8DB-6F51-9F6B930E2612}.Release|x64.Build.0 = Release|Any CPU
		{F7D9152B-0A1D-C8DB-6F51-9F6B930E2612}.Release|x86.ActiveCfg = Release|Any CPU
		{F7D9152B-0A1D-C8DB-6F51-9F6B930E2612}.Release|x86.Build.0 = Release|Any CPU
	EndGlobalSection
	GlobalSection(SolutionProperties) = preSolution
		HideSolutionNode = FALSE
	EndGlobalSection
	GlobalSection(NestedProjects) = preSolution
		{9416D2CC-E745-FE81-1579-B03A80EF9D47} = {02EA681E-C7D8-13C7-8484-4AC65E1B71E8}
		{F7D9152B-0A1D-C8DB-6F51-9F6B930E2612} = {02EA681E-C7D8-13C7-8484-4AC65E1B71E8}
	EndGlobalSection
	GlobalSection(ExtensibilityGlobals) = postSolution
		SolutionGuid = {6F49B6BE-ECAE-4373-8340-1EBCCBBE9493}
	EndGlobalSection
EndGlobal
